
Microsoft Visual Studio Solution File, Format Version 12.00
# Visual Studio 15
VisualStudioVersion = 15.0.26430.14
MinimumVisualStudioVersion = 10.0.40219.1
Project("{FAE04EC0-301F-11D3-BF4B-00C04F79EFBC}") = "MarsRoverAssignment", "MarsRoverAssignment\MarsRoverAssignment.csproj", "{6BB5E076-1BA0-4699-B41E-76FCEC4673D6}"
EndProject
Project("{FAE04EC0-301F-11D3-BF4B-00C04F79EFBC}") = "UnitTestProject1", "UnitTestProject1\UnitTestProject1.csproj", "{33617411-B9BE-4094-97A8-DE28CBBD9F4A}"
EndProject
Global
	GlobalSection(SolutionConfigurationPlatforms) = preSolution
		Debug|Any CPU = Debug|Any CPU
		Release|Any CPU = Release|Any CPU
	EndGlobalSection
	GlobalSection(ProjectConfigurationPlatforms) = postSolution
		{6BB5E076-1BA0-4699-B41E-76FCEC4673D6}.Debug|Any CPU.ActiveCfg = Debug|Any CPU
		{6BB5E076-1BA0-4699-B41E-76FCEC4673D6}.Debug|Any CPU.Build.0 = Debug|Any CPU
		{6BB5E076-1BA0-4699-B41E-76FCEC4673D6}.Release|Any CPU.ActiveCfg = Release|Any CPU
		{6BB5E076-1BA0-4699-B41E-76FCEC4673D6}.Release|Any CPU.Build.0 = Release|Any CPU
		{33617411-B9BE-4094-97A8-DE28CBBD9F4A}.Debug|Any CPU.ActiveCfg = Debug|Any CPU
		{33617411-B9BE-4094-97A8-DE28CBBD9F4A}.Debug|Any CPU.Build.0 = Debug|Any CPU
		{33617411-B9BE-4094-97A8-DE28CBBD9F4A}.Release|Any CPU.ActiveCfg = Release|Any CPU
		{33617411-B9BE-4094-97A8-DE28CBBD9F4A}.Release|Any CPU.Build.0 = Release|Any CPU
	EndGlobalSection
	GlobalSection(SolutionProperties) = preSolution
		HideSolutionNode = FALSE
	EndGlobalSection
EndGlobal
